
Microsoft Visual Studio Solution File, Format Version 12.00
# Visual Studio 15
VisualStudioVersion = 15.0.28307.168
MinimumVisualStudioVersion = 10.0.40219.1
Project("{9A19103F-16F7-4668-BE54-9A1E7A4F7556}") = "ZeroCommunityService", "ZeroCommunityService\ZeroCommunityService.csproj", "{F1D31A51-FAF3-4CC0-81BB-4BDA277F96BF}"
EndProject
Project("{2150E333-8FDC-42A3-9474-1A3956D46DE8}") = "BaseMain", "BaseMain", "{1262F586-FA37-4FF8-8AD7-3260BA0DB47F}"
EndProject
Project("{2150E333-8FDC-42A3-9474-1A3956D46DE8}") = "Module", "Module", "{0516A2D3-3C8B-4BB0-81E3-965031FE1F4C}"
EndProject
Project("{9A19103F-16F7-4668-BE54-9A1E7A4F7556}") = "Model", "Model\Model.csproj", "{4A8F52F7-5AC0-45D8-88A5-C7400A720F81}"
EndProject
Project("{9A19103F-16F7-4668-BE54-9A1E7A4F7556}") = "Base", "Base\Base.csproj", "{8A990B61-DD35-4AAB-A03B-9136B0AB2AA2}"
EndProject
Project("{9A19103F-16F7-4668-BE54-9A1E7A4F7556}") = "DSBase", "DSBase\DSBase.csproj", "{34D17B68-7244-4F90-9260-B4126DD38E8A}"
EndProject
Project("{2150E333-8FDC-42A3-9474-1A3956D46DE8}") = "Web", "Web", "{212CB5C7-7677-41E9-A13F-F22073423BEB}"
EndProject
Project("{9A19103F-16F7-4668-BE54-9A1E7A4F7556}") = "Factory", "Factory\Factory.csproj", "{2904A37D-B665-457E-83A5-B22060E0EB8E}"
EndProject
Project("{9A19103F-16F7-4668-BE54-9A1E7A4F7556}") = "InterfaceBase", "InterfaceBase\InterfaceBase.csproj", "{AC629B2D-692E-4964-BBF7-86BEE19B2248}"
EndProject
Project("{2150E333-8FDC-42A3-9474-1A3956D46DE8}") = "ZCAccountModule", "ZCAccountModule", "{8DEF0851-685A-4526-A0B5-63869A517EBF}"
EndProject
Project("{9A19103F-16F7-4668-BE54-9A1E7A4F7556}") = "ZCAccountModuleBLL", "ZCAccountModuleBLL\ZCAccountModuleBLL.csproj", "{46270072-A301-4852-B476-50CADD28C363}"
EndProject
Project("{9A19103F-16F7-4668-BE54-9A1E7A4F7556}") = "ZCAccountModuleDAL", "ZCAccountModuleDAL\ZCAccountModuleDAL.csproj", "{250DAB47-9E14-45BA-BCE1-D2DEBF1206E4}"
EndProject
Project("{2150E333-8FDC-42A3-9474-1A3956D46DE8}") = "BLL", "BLL", "{980C58DB-5FC3-44E7-A8F8-A0A10FF72BCE}"
EndProject
Project("{2150E333-8FDC-42A3-9474-1A3956D46DE8}") = "DAL", "DAL", "{32DD5C84-BEFA-4AD5-88B0-BE8006307D75}"
EndProject
Project("{FAE04EC0-301F-11D3-BF4B-00C04F79EFBC}") = "WebBase", "WebBase\WebBase.csproj", "{40D597E6-B6DB-4E58-84EA-19377007A3BE}"
EndProject
Global
	GlobalSection(SolutionConfigurationPlatforms) = preSolution
		Debug|Any CPU = Debug|Any CPU
		Release|Any CPU = Release|Any CPU
	EndGlobalSection
	GlobalSection(ProjectConfigurationPlatforms) = postSolution
		{F1D31A51-FAF3-4CC0-81BB-4BDA277F96BF}.Debug|Any CPU.ActiveCfg = Debug|Any CPU
		{F1D31A51-FAF3-4CC0-81BB-4BDA277F96BF}.Debug|Any CPU.Build.0 = Debug|Any CPU
		{F1D31A51-FAF3-4CC0-81BB-4BDA277F96BF}.Release|Any CPU.ActiveCfg = Release|Any CPU
		{F1D31A51-FAF3-4CC0-81BB-4BDA277F96BF}.Release|Any CPU.Build.0 = Release|Any CPU
		{4A8F52F7-5AC0-45D8-88A5-C7400A720F81}.Debug|Any CPU.ActiveCfg = Debug|Any CPU
		{4A8F52F7-5AC0-45D8-88A5-C7400A720F81}.Debug|Any CPU.Build.0 = Debug|Any CPU
		{4A8F52F7-5AC0-45D8-88A5-C7400A720F81}.Release|Any CPU.ActiveCfg = Release|Any CPU
		{4A8F52F7-5AC0-45D8-88A5-C7400A720F81}.Release|Any CPU.Build.0 = Release|Any CPU
		{8A990B61-DD35-4AAB-A03B-9136B0AB2AA2}.Debug|Any CPU.ActiveCfg = Debug|Any CPU
		{8A990B61-DD35-4AAB-A03B-9136B0AB2AA2}.Debug|Any CPU.Build.0 = Debug|Any CPU
		{8A990B61-DD35-4AAB-A03B-9136B0AB2AA2}.Release|Any CPU.ActiveCfg = Release|Any CPU
		{8A990B61-DD35-4AAB-A03B-9136B0AB2AA2}.Release|Any CPU.Build.0 = Release|Any CPU
		{34D17B68-7244-4F90-9260-B4126DD38E8A}.Debug|Any CPU.ActiveCfg = Debug|Any CPU
		{34D17B68-7244-4F90-9260-B4126DD38E8A}.Debug|Any CPU.Build.0 = Debug|Any CPU
		{34D17B68-7244-4F90-9260-B4126DD38E8A}.Release|Any CPU.ActiveCfg = Release|Any CPU
		{34D17B68-7244-4F90-9260-B4126DD38E8A}.Release|Any CPU.Build.0 = Release|Any CPU
		{2904A37D-B665-457E-83A5-B22060E0EB8E}.Debug|Any CPU.ActiveCfg = Debug|Any CPU
		{2904A37D-B665-457E-83A5-B22060E0EB8E}.Debug|Any CPU.Build.0 = Debug|Any CPU
		{2904A37D-B665-457E-83A5-B22060E0EB8E}.Release|Any CPU.ActiveCfg = Release|Any CPU
		{2904A37D-B665-457E-83A5-B22060E0EB8E}.Release|Any CPU.Build.0 = Release|Any CPU
		{AC629B2D-692E-4964-BBF7-86BEE19B2248}.Debug|Any CPU.ActiveCfg = Debug|Any CPU
		{AC629B2D-692E-4964-BBF7-86BEE19B2248}.Debug|Any CPU.Build.0 = Debug|Any CPU
		{AC629B2D-692E-4964-BBF7-86BEE19B2248}.Release|Any CPU.ActiveCfg = Release|Any CPU
		{AC629B2D-692E-4964-BBF7-86BEE19B2248}.Release|Any CPU.Build.0 = Release|Any CPU
		{46270072-A301-4852-B476-50CADD28C363}.Debug|Any CPU.ActiveCfg = Debug|Any CPU
		{46270072-A301-4852-B476-50CADD28C363}.Debug|Any CPU.Build.0 = Debug|Any CPU
		{46270072-A301-4852-B476-50CADD28C363}.Release|Any CPU.ActiveCfg = Release|Any CPU
		{46270072-A301-4852-B476-50CADD28C363}.Release|Any CPU.Build.0 = Release|Any CPU
		{250DAB47-9E14-45BA-BCE1-D2DEBF1206E4}.Debug|Any CPU.ActiveCfg = Debug|Any CPU
		{250DAB47-9E14-45BA-BCE1-D2DEBF1206E4}.Debug|Any CPU.Build.0 = Debug|Any CPU
		{250DAB47-9E14-45BA-BCE1-D2DEBF1206E4}.Release|Any CPU.ActiveCfg = Release|Any CPU
		{250DAB47-9E14-45BA-BCE1-D2DEBF1206E4}.Release|Any CPU.Build.0 = Release|Any CPU
		{40D597E6-B6DB-4E58-84EA-19377007A3BE}.Debug|Any CPU.ActiveCfg = Debug|Any CPU
		{40D597E6-B6DB-4E58-84EA-19377007A3BE}.Debug|Any CPU.Build.0 = Debug|Any CPU
		{40D597E6-B6DB-4E58-84EA-19377007A3BE}.Release|Any CPU.ActiveCfg = Release|Any CPU
		{40D597E6-B6DB-4E58-84EA-19377007A3BE}.Release|Any CPU.Build.0 = Release|Any CPU
	EndGlobalSection
	GlobalSection(SolutionProperties) = preSolution
		HideSolutionNode = FALSE
	EndGlobalSection
	GlobalSection(NestedProjects) = preSolution
		{8A990B61-DD35-4AAB-A03B-9136B0AB2AA2} = {1262F586-FA37-4FF8-8AD7-3260BA0DB47F}
		{34D17B68-7244-4F90-9260-B4126DD38E8A} = {1262F586-FA37-4FF8-8AD7-3260BA0DB47F}
		{8DEF0851-685A-4526-A0B5-63869A517EBF} = {0516A2D3-3C8B-4BB0-81E3-965031FE1F4C}
		{46270072-A301-4852-B476-50CADD28C363} = {980C58DB-5FC3-44E7-A8F8-A0A10FF72BCE}
		{250DAB47-9E14-45BA-BCE1-D2DEBF1206E4} = {32DD5C84-BEFA-4AD5-88B0-BE8006307D75}
		{980C58DB-5FC3-44E7-A8F8-A0A10FF72BCE} = {8DEF0851-685A-4526-A0B5-63869A517EBF}
		{32DD5C84-BEFA-4AD5-88B0-BE8006307D75} = {8DEF0851-685A-4526-A0B5-63869A517EBF}
		{40D597E6-B6DB-4E58-84EA-19377007A3BE} = {1262F586-FA37-4FF8-8AD7-3260BA0DB47F}
	EndGlobalSection
	GlobalSection(ExtensibilityGlobals) = postSolution
		SolutionGuid = {E8D8F561-FC3F-470A-8511-1A377B50B2A9}
	EndGlobalSection
EndGlobal
